
Microsoft Visual Studio Solution File, Format Version 12.00
# Visual Studio Version 16
VisualStudioVersion = 16.0.31613.86
MinimumVisualStudioVersion = 10.0.40219.1
Project("{9A19103F-16F7-4668-BE54-9A1E7A4F7556}") = "MNIST.Console", "src\MNIST.Console\MNIST.Console.csproj", "{5416A33F-C06F-4900-AC4D-7369B87EA22D}"
EndProject
Project("{9A19103F-16F7-4668-BE54-9A1E7A4F7556}") = "MNIST.IdxToImages", "src\MNIST.IdxToImages\MNIST.IdxToImages.csproj", "{01F8DE33-99F5-455B-802E-55B27E5DFDAC}"
EndProject
Global
	GlobalSection(SolutionConfigurationPlatforms) = preSolution
		Debug|Any CPU = Debug|Any CPU
		Release|Any CPU = Release|Any CPU
	EndGlobalSection
	GlobalSection(ProjectConfigurationPlatforms) = postSolution
		{5416A33F-C06F-4900-AC4D-7369B87EA22D}.Debug|Any CPU.ActiveCfg = Debug|Any CPU
		{5416A33F-C06F-4900-AC4D-7369B87EA22D}.Debug|Any CPU.Build.0 = Debug|Any CPU
		{5416A33F-C06F-4900-AC4D-7369B87EA22D}.Release|Any CPU.ActiveCfg = Release|Any CPU
		{5416A33F-C06F-4900-AC4D-7369B87EA22D}.Release|Any CPU.Build.0 = Release|Any CPU
		{01F8DE33-99F5-455B-802E-55B27E5DFDAC}.Debug|Any CPU.ActiveCfg = Debug|Any CPU
		{01F8DE33-99F5-455B-802E-55B27E5DFDAC}.Debug|Any CPU.Build.0 = Debug|Any CPU
		{01F8DE33-99F5-455B-802E-55B27E5DFDAC}.Release|Any CPU.ActiveCfg = Release|Any CPU
		{01F8DE33-99F5-455B-802E-55B27E5DFDAC}.Release|Any CPU.Build.0 = Release|Any CPU
	EndGlobalSection
	GlobalSection(SolutionProperties) = preSolution
		HideSolutionNode = FALSE
	EndGlobalSection
	GlobalSection(ExtensibilityGlobals) = postSolution
		SolutionGuid = {95B7EA01-F084-4686-9E1C-AF33A39AB54E}
	EndGlobalSection
EndGlobal
