
Microsoft Visual Studio Solution File, Format Version 12.00
# Visual Studio Version 16
VisualStudioVersion = 16.0.31613.86
MinimumVisualStudioVersion = 10.0.40219.1
Project("{9A19103F-16F7-4668-BE54-9A1E7A4F7556}") = "MNIST.IdxToImages", "MNIST.IdxToImages\MNIST.IdxToImages.csproj", "{9E9FB31D-61A1-46CC-8322-50C9D068477B}"
EndProject
Project("{888888A0-9F3D-457C-B088-3A5042F75D52}") = "MNIST.ModelTraining", "MNIST.ModelTraining\MNIST.ModelTraining.pyproj", "{F4936B9F-9AB8-4DCD-895C-B3E4E095E4B6}"
EndProject
Project("{9A19103F-16F7-4668-BE54-9A1E7A4F7556}") = "MNIST.WebApi", "MNIST.WebApi\MNIST.WebApi.csproj", "{2DC1862E-E787-4D33-AD46-305C78A3018B}"
EndProject
Project("{9A19103F-16F7-4668-BE54-9A1E7A4F7556}") = "MNIST.ReactClient", "MNIST.ReactClient\MNIST.ReactClient.csproj", "{D1D722EC-47D5-4527-8B26-699847EDD685}"
EndProject
Global
	GlobalSection(SolutionConfigurationPlatforms) = preSolution
		Debug|Any CPU = Debug|Any CPU
		Release|Any CPU = Release|Any CPU
	EndGlobalSection
	GlobalSection(ProjectConfigurationPlatforms) = postSolution
		{9E9FB31D-61A1-46CC-8322-50C9D068477B}.Debug|Any CPU.ActiveCfg = Debug|Any CPU
		{9E9FB31D-61A1-46CC-8322-50C9D068477B}.Debug|Any CPU.Build.0 = Debug|Any CPU
		{9E9FB31D-61A1-46CC-8322-50C9D068477B}.Release|Any CPU.ActiveCfg = Release|Any CPU
		{9E9FB31D-61A1-46CC-8322-50C9D068477B}.Release|Any CPU.Build.0 = Release|Any CPU
		{F4936B9F-9AB8-4DCD-895C-B3E4E095E4B6}.Debug|Any CPU.ActiveCfg = Debug|Any CPU
		{F4936B9F-9AB8-4DCD-895C-B3E4E095E4B6}.Release|Any CPU.ActiveCfg = Release|Any CPU
		{2DC1862E-E787-4D33-AD46-305C78A3018B}.Debug|Any CPU.ActiveCfg = Debug|Any CPU
		{2DC1862E-E787-4D33-AD46-305C78A3018B}.Debug|Any CPU.Build.0 = Debug|Any CPU
		{2DC1862E-E787-4D33-AD46-305C78A3018B}.Release|Any CPU.ActiveCfg = Release|Any CPU
		{2DC1862E-E787-4D33-AD46-305C78A3018B}.Release|Any CPU.Build.0 = Release|Any CPU
		{D1D722EC-47D5-4527-8B26-699847EDD685}.Debug|Any CPU.ActiveCfg = Debug|Any CPU
		{D1D722EC-47D5-4527-8B26-699847EDD685}.Debug|Any CPU.Build.0 = Debug|Any CPU
		{D1D722EC-47D5-4527-8B26-699847EDD685}.Release|Any CPU.ActiveCfg = Release|Any CPU
		{D1D722EC-47D5-4527-8B26-699847EDD685}.Release|Any CPU.Build.0 = Release|Any CPU
	EndGlobalSection
	GlobalSection(SolutionProperties) = preSolution
		HideSolutionNode = FALSE
	EndGlobalSection
	GlobalSection(ExtensibilityGlobals) = postSolution
		SolutionGuid = {95B7EA01-F084-4686-9E1C-AF33A39AB54E}
	EndGlobalSection
EndGlobal
